
Microsoft Visual Studio Solution File, Format Version 12.00
# Visual Studio Version 17
VisualStudioVersion = 17.8.34330.188
MinimumVisualStudioVersion = 10.0.40219.1
Project("{FAE04EC0-301F-11D3-BF4B-00C04F79EFBC}") = "BTAPI", "BTAPI\BTAPI.csproj", "{718C5021-551A-40D6-AE7B-1295CEE65C5C}"
EndProject
Project("{FAE04EC0-301F-11D3-BF4B-00C04F79EFBC}") = "BTAPI.Infrastructure", "BTAPI.Infrastructure\BTAPI.Infrastructure.csproj", "{366CD52F-8DDB-4919-A993-82DEEDDB8698}"
EndProject
Project("{FAE04EC0-301F-11D3-BF4B-00C04F79EFBC}") = "BTAPI.Core", "BTAPI.Core\BTAPI.Core.csproj", "{F7EE00E5-EFCA-4FCF-8364-9FB3FD805F0B}"
EndProject
Project("{FAE04EC0-301F-11D3-BF4B-00C04F79EFBC}") = "BTAPI.Services", "BTAPI.Services\BTAPI.Services.csproj", "{5EC11E70-BFFA-414F-9B24-F752B307AA0C}"
EndProject
Global
	GlobalSection(SolutionConfigurationPlatforms) = preSolution
		Debug|Any CPU = Debug|Any CPU
		Release|Any CPU = Release|Any CPU
	EndGlobalSection
	GlobalSection(ProjectConfigurationPlatforms) = postSolution
		{718C5021-551A-40D6-AE7B-1295CEE65C5C}.Debug|Any CPU.ActiveCfg = Debug|Any CPU
		{718C5021-551A-40D6-AE7B-1295CEE65C5C}.Debug|Any CPU.Build.0 = Debug|Any CPU
		{718C5021-551A-40D6-AE7B-1295CEE65C5C}.Release|Any CPU.ActiveCfg = Release|Any CPU
		{718C5021-551A-40D6-AE7B-1295CEE65C5C}.Release|Any CPU.Build.0 = Release|Any CPU
		{366CD52F-8DDB-4919-A993-82DEEDDB8698}.Debug|Any CPU.ActiveCfg = Debug|Any CPU
		{366CD52F-8DDB-4919-A993-82DEEDDB8698}.Debug|Any CPU.Build.0 = Debug|Any CPU
		{366CD52F-8DDB-4919-A993-82DEEDDB8698}.Release|Any CPU.ActiveCfg = Release|Any CPU
		{366CD52F-8DDB-4919-A993-82DEEDDB8698}.Release|Any CPU.Build.0 = Release|Any CPU
		{F7EE00E5-EFCA-4FCF-8364-9FB3FD805F0B}.Debug|Any CPU.ActiveCfg = Debug|Any CPU
		{F7EE00E5-EFCA-4FCF-8364-9FB3FD805F0B}.Debug|Any CPU.Build.0 = Debug|Any CPU
		{F7EE00E5-EFCA-4FCF-8364-9FB3FD805F0B}.Release|Any CPU.ActiveCfg = Release|Any CPU
		{F7EE00E5-EFCA-4FCF-8364-9FB3FD805F0B}.Release|Any CPU.Build.0 = Release|Any CPU
		{5EC11E70-BFFA-414F-9B24-F752B307AA0C}.Debug|Any CPU.ActiveCfg = Debug|Any CPU
		{5EC11E70-BFFA-414F-9B24-F752B307AA0C}.Debug|Any CPU.Build.0 = Debug|Any CPU
		{5EC11E70-BFFA-414F-9B24-F752B307AA0C}.Release|Any CPU.ActiveCfg = Release|Any CPU
		{5EC11E70-BFFA-414F-9B24-F752B307AA0C}.Release|Any CPU.Build.0 = Release|Any CPU
	EndGlobalSection
	GlobalSection(SolutionProperties) = preSolution
		HideSolutionNode = FALSE
	EndGlobalSection
	GlobalSection(ExtensibilityGlobals) = postSolution
		SolutionGuid = {B0EE6E91-D7EE-466F-ADE8-BAEAA95D0997}
	EndGlobalSection
EndGlobal
